
Microsoft Visual Studio Solution File, Format Version 12.00
# Visual Studio Version 16
VisualStudioVersion = 16.0.33423.256
MinimumVisualStudioVersion = 10.0.40219.1
Project("{FAE04EC0-301F-11D3-BF4B-00C04F79EFBC}") = "RockPaperProgram", "RockPaperProgram\RockPaperProgram.csproj", "{7059038C-BFBE-4390-8217-BE781CF8086C}"
EndProject
Global
	GlobalSection(SolutionConfigurationPlatforms) = preSolution
		Debug|Any CPU = Debug|Any CPU
		Release|Any CPU = Release|Any CPU
	EndGlobalSection
	GlobalSection(ProjectConfigurationPlatforms) = postSolution
		{7059038C-BFBE-4390-8217-BE781CF8086C}.Debug|Any CPU.ActiveCfg = Debug|Any CPU
		{7059038C-BFBE-4390-8217-BE781CF8086C}.Debug|Any CPU.Build.0 = Debug|Any CPU
		{7059038C-BFBE-4390-8217-BE781CF8086C}.Release|Any CPU.ActiveCfg = Release|Any CPU
		{7059038C-BFBE-4390-8217-BE781CF8086C}.Release|Any CPU.Build.0 = Release|Any CPU
	EndGlobalSection
	GlobalSection(SolutionProperties) = preSolution
		HideSolutionNode = FALSE
	EndGlobalSection
	GlobalSection(ExtensibilityGlobals) = postSolution
		SolutionGuid = {09DEA85D-332A-4BCA-A720-88E23C1AECD0}
	EndGlobalSection
EndGlobal
